
Microsoft Visual Studio Solution File, Format Version 12.00
# Visual Studio Version 17
VisualStudioVersion = 17.14.36414.22 d17.14
MinimumVisualStudioVersion = 10.0.40219.1
Project("{FAE04EC0-301F-11D3-BF4B-00C04F79EFBC}") = "xl_to_presentation", "xl_to_presentation\xl_to_presentation.csproj", "{AA015B80-07CE-46F2-B921-E52B8D1688C2}"
EndProject
Global
	GlobalSection(SolutionConfigurationPlatforms) = preSolution
		Debug|Any CPU = Debug|Any CPU
		Release|Any CPU = Release|Any CPU
	EndGlobalSection
	GlobalSection(ProjectConfigurationPlatforms) = postSolution
		{AA015B80-07CE-46F2-B921-E52B8D1688C2}.Debug|Any CPU.ActiveCfg = Debug|Any CPU
		{AA015B80-07CE-46F2-B921-E52B8D1688C2}.Debug|Any CPU.Build.0 = Debug|Any CPU
		{AA015B80-07CE-46F2-B921-E52B8D1688C2}.Release|Any CPU.ActiveCfg = Release|Any CPU
		{AA015B80-07CE-46F2-B921-E52B8D1688C2}.Release|Any CPU.Build.0 = Release|Any CPU
	EndGlobalSection
	GlobalSection(SolutionProperties) = preSolution
		HideSolutionNode = FALSE
	EndGlobalSection
	GlobalSection(ExtensibilityGlobals) = postSolution
		SolutionGuid = {57EF168C-B781-4C9D-93C6-ABB720ECE16A}
	EndGlobalSection
EndGlobal
